{
  "name": "02.day_day_up",
  "version": "1.0.0",
  "lockfileVersion": 1,
  "requires": true,
  "dependencies": {
    "abbrev": {
      "version": "1.1.1",
      "resolved": "http://registry.npm.taobao.org/abbrev/download/abbrev-1.1.1.tgz",
      "integrity": "sha1-+PLIh60Qv2f2NPAFtph/7TF5qsg="
    },
    "address": {
      "version": "1.0.3",
      "resolved": "http://registry.npm.taobao.org/address/download/address-1.0.3.tgz",
      "integrity": "sha1-tfUGMfjWzsi9IMljljr7VeBsvOk="
    },
    "ansi-styles": {
      "version": "3.2.1",
      "resolved": "http://registry.npm.taobao.org/ansi-styles/download/ansi-styles-3.2.1.tgz",
      "integrity": "sha1-QfuyAkPlCxK+DwS43tvwdSDOhB0=",
      "requires": {
        "color-convert": "1.9.2"
      }
    },
    "chalk": {
      "version": "2.4.1",
      "resolved": "http://registry.npm.taobao.org/chalk/download/chalk-2.4.1.tgz",
      "integrity": "sha1-GMSasWoDe26wFSzIPjRxM4IVtm4=",
      "requires": {
        "ansi-styles": "3.2.1",
        "escape-string-regexp": "1.0.5",
        "supports-color": "5.4.0"
      }
    },
    "color-convert": {
      "version": "1.9.2",
      "resolved": "http://registry.npm.taobao.org/color-convert/download/color-convert-1.9.2.tgz",
      "integrity": "sha1-SYgbj7pn3xKpa98/VsCqueeRMUc=",
      "requires": {
        "color-name": "1.1.1"
      }
    },
    "color-name": {
      "version": "1.1.1",
      "resolved": "http://registry.npm.taobao.org/color-name/download/color-name-1.1.1.tgz",
      "integrity": "sha1-SxQVMEz1ACjqgWQ2Q72C6gWANok="
    },
    "emoji": {
      "version": "0.3.2",
      "resolved": "https://registry.npmjs.org/emoji/-/emoji-0.3.2.tgz",
      "integrity": "sha1-Shcjy7zPkYBCV9pjz68AtTN/5gQ="
    },
    "escape-string-regexp": {
      "version": "1.0.5",
      "resolved": "http://registry.npm.taobao.org/escape-string-regexp/download/escape-string-regexp-1.0.5.tgz",
      "integrity": "sha1-G2HAViGQqN/2rjuyzwIAyhMLhtQ="
    },
    "has-flag": {
      "version": "3.0.0",
      "resolved": "http://registry.npm.taobao.org/has-flag/download/has-flag-3.0.0.tgz",
      "integrity": "sha1-tdRU3CGZriJWmfNGfloH87lVuv0="
    },
    "markdown": {
      "version": "0.5.0",
      "resolved": "http://registry.npm.taobao.org/markdown/download/markdown-0.5.0.tgz",
      "integrity": "sha1-KCBbVlqK51kt4gdGPWY33BgnIrI=",
      "requires": {
        "nopt": "2.1.2"
      }
    },
    "nodemailer": {
      "version": "4.6.7",
      "resolved": "https://registry.npmjs.org/nodemailer/-/nodemailer-4.6.7.tgz",
      "integrity": "sha512-GIAAYvs9XIP1fBa8wR89ukUh3yjL44pom5LKY5nTZcL+Zp9sRkqL8wgskyBQECQg9CPsDX/fjTZx8MNz20t0jA=="
    },
    "nopt": {
      "version": "2.1.2",
      "resolved": "http://registry.npm.taobao.org/nopt/download/nopt-2.1.2.tgz",
      "integrity": "sha1-bMzZd7gBMqB3MdbozljCyDA8+a8=",
      "requires": {
        "abbrev": "1.1.1"
      }
    },
    "rm-duplicates": {
      "version": "1.0.2",
      "resolved": "https://registry.npmjs.org/rm-duplicates/-/rm-duplicates-1.0.2.tgz",
      "integrity": "sha512-eOJ7ogXcJg+OHE+tPaU03oZHHvNKwQp2F7XiOMmBI8Yloy787b111bERVkoFcST9LA+/GiGX8idGYuNGkvm2oQ=="
    },
    "supports-color": {
      "version": "5.4.0",
      "resolved": "http://registry.npm.taobao.org/supports-color/download/supports-color-5.4.0.tgz",
      "integrity": "sha1-HGszdALCE3YF7+GfEP7DkPb6q1Q=",
      "requires": {
        "has-flag": "3.0.0"
      }
    },
    "wb": {
      "version": "0.0.1",
      "resolved": "https://registry.npmjs.org/wb/-/wb-0.0.1.tgz",
      "integrity": "sha1-w3SOPK8CKSDdcMp7yhuvdAzqE+Y="
    }
  }
}
